
Microsoft Visual Studio Solution File, Format Version 12.00
# Visual Studio Version 16
VisualStudioVersion = 16.0.30128.74
MinimumVisualStudioVersion = 10.0.40219.1
Project("{FAE04EC0-301F-11D3-BF4B-00C04F79EFBC}") = "mod4lectureFileStreams", "mod4lectureFileStreams\mod4lectureFileStreams.csproj", "{85638A9C-ADFA-4C10-8849-6981D6E5EEDD}"
EndProject
Global
	GlobalSection(SolutionConfigurationPlatforms) = preSolution
		Debug|Any CPU = Debug|Any CPU
		Release|Any CPU = Release|Any CPU
	EndGlobalSection
	GlobalSection(ProjectConfigurationPlatforms) = postSolution
		{85638A9C-ADFA-4C10-8849-6981D6E5EEDD}.Debug|Any CPU.ActiveCfg = Debug|Any CPU
		{85638A9C-ADFA-4C10-8849-6981D6E5EEDD}.Debug|Any CPU.Build.0 = Debug|Any CPU
		{85638A9C-ADFA-4C10-8849-6981D6E5EEDD}.Release|Any CPU.ActiveCfg = Release|Any CPU
		{85638A9C-ADFA-4C10-8849-6981D6E5EEDD}.Release|Any CPU.Build.0 = Release|Any CPU
	EndGlobalSection
	GlobalSection(SolutionProperties) = preSolution
		HideSolutionNode = FALSE
	EndGlobalSection
	GlobalSection(ExtensibilityGlobals) = postSolution
		SolutionGuid = {BAD7B46A-271B-4B48-BF08-63EB8D1BD359}
	EndGlobalSection
EndGlobal
