
Microsoft Visual Studio Solution File, Format Version 12.00
# Visual Studio Version 16
VisualStudioVersion = 16.0.30128.74
MinimumVisualStudioVersion = 10.0.40219.1
Project("{FAE04EC0-301F-11D3-BF4B-00C04F79EFBC}") = "JacobSmetana5C", "JacobSmetana5C\JacobSmetana5C.csproj", "{AD8CC48F-36EC-4419-B4F5-32B4F2F996C9}"
EndProject
Global
	GlobalSection(SolutionConfigurationPlatforms) = preSolution
		Debug|Any CPU = Debug|Any CPU
		Release|Any CPU = Release|Any CPU
	EndGlobalSection
	GlobalSection(ProjectConfigurationPlatforms) = postSolution
		{AD8CC48F-36EC-4419-B4F5-32B4F2F996C9}.Debug|Any CPU.ActiveCfg = Debug|Any CPU
		{AD8CC48F-36EC-4419-B4F5-32B4F2F996C9}.Debug|Any CPU.Build.0 = Debug|Any CPU
		{AD8CC48F-36EC-4419-B4F5-32B4F2F996C9}.Release|Any CPU.ActiveCfg = Release|Any CPU
		{AD8CC48F-36EC-4419-B4F5-32B4F2F996C9}.Release|Any CPU.Build.0 = Release|Any CPU
	EndGlobalSection
	GlobalSection(SolutionProperties) = preSolution
		HideSolutionNode = FALSE
	EndGlobalSection
	GlobalSection(ExtensibilityGlobals) = postSolution
		SolutionGuid = {0C651728-0149-462A-9C8D-DA4539662099}
	EndGlobalSection
EndGlobal
