
Microsoft Visual Studio Solution File, Format Version 12.00
# Visual Studio Version 16
VisualStudioVersion = 16.0.30128.74
MinimumVisualStudioVersion = 10.0.40219.1
Project("{FAE04EC0-301F-11D3-BF4B-00C04F79EFBC}") = "JacobSmetanaTest1B", "JacobSmetanaTest1B\JacobSmetanaTest1B.csproj", "{8E7144C5-29D5-4E96-AD61-E00F00708F82}"
EndProject
Global
	GlobalSection(SolutionConfigurationPlatforms) = preSolution
		Debug|Any CPU = Debug|Any CPU
		Release|Any CPU = Release|Any CPU
	EndGlobalSection
	GlobalSection(ProjectConfigurationPlatforms) = postSolution
		{8E7144C5-29D5-4E96-AD61-E00F00708F82}.Debug|Any CPU.ActiveCfg = Debug|Any CPU
		{8E7144C5-29D5-4E96-AD61-E00F00708F82}.Debug|Any CPU.Build.0 = Debug|Any CPU
		{8E7144C5-29D5-4E96-AD61-E00F00708F82}.Release|Any CPU.ActiveCfg = Release|Any CPU
		{8E7144C5-29D5-4E96-AD61-E00F00708F82}.Release|Any CPU.Build.0 = Release|Any CPU
	EndGlobalSection
	GlobalSection(SolutionProperties) = preSolution
		HideSolutionNode = FALSE
	EndGlobalSection
	GlobalSection(ExtensibilityGlobals) = postSolution
		SolutionGuid = {010692E3-95B0-43A3-B743-B1E63D012BFA}
	EndGlobalSection
EndGlobal
