
Microsoft Visual Studio Solution File, Format Version 12.00
# Visual Studio Version 16
VisualStudioVersion = 16.0.30128.74
MinimumVisualStudioVersion = 10.0.40219.1
Project("{FAE04EC0-301F-11D3-BF4B-00C04F79EFBC}") = "Mod9Lecture", "Mod9Lecture\Mod9Lecture.csproj", "{8ACD45DE-7167-46B4-938D-A8F38713F6A1}"
EndProject
Global
	GlobalSection(SolutionConfigurationPlatforms) = preSolution
		Debug|Any CPU = Debug|Any CPU
		Release|Any CPU = Release|Any CPU
	EndGlobalSection
	GlobalSection(ProjectConfigurationPlatforms) = postSolution
		{8ACD45DE-7167-46B4-938D-A8F38713F6A1}.Debug|Any CPU.ActiveCfg = Debug|Any CPU
		{8ACD45DE-7167-46B4-938D-A8F38713F6A1}.Debug|Any CPU.Build.0 = Debug|Any CPU
		{8ACD45DE-7167-46B4-938D-A8F38713F6A1}.Release|Any CPU.ActiveCfg = Release|Any CPU
		{8ACD45DE-7167-46B4-938D-A8F38713F6A1}.Release|Any CPU.Build.0 = Release|Any CPU
	EndGlobalSection
	GlobalSection(SolutionProperties) = preSolution
		HideSolutionNode = FALSE
	EndGlobalSection
	GlobalSection(ExtensibilityGlobals) = postSolution
		SolutionGuid = {D7F2617B-E181-490A-8C58-FB920C46E442}
	EndGlobalSection
EndGlobal
