
Microsoft Visual Studio Solution File, Format Version 12.00
# Visual Studio Version 16
VisualStudioVersion = 16.0.30128.74
MinimumVisualStudioVersion = 10.0.40219.1
Project("{FAE04EC0-301F-11D3-BF4B-00C04F79EFBC}") = "lecture3", "lecture3\lecture3.csproj", "{552AE909-485A-4978-B8E6-11C49495D42B}"
EndProject
Global
	GlobalSection(SolutionConfigurationPlatforms) = preSolution
		Debug|Any CPU = Debug|Any CPU
		Release|Any CPU = Release|Any CPU
	EndGlobalSection
	GlobalSection(ProjectConfigurationPlatforms) = postSolution
		{552AE909-485A-4978-B8E6-11C49495D42B}.Debug|Any CPU.ActiveCfg = Debug|Any CPU
		{552AE909-485A-4978-B8E6-11C49495D42B}.Debug|Any CPU.Build.0 = Debug|Any CPU
		{552AE909-485A-4978-B8E6-11C49495D42B}.Release|Any CPU.ActiveCfg = Release|Any CPU
		{552AE909-485A-4978-B8E6-11C49495D42B}.Release|Any CPU.Build.0 = Release|Any CPU
	EndGlobalSection
	GlobalSection(SolutionProperties) = preSolution
		HideSolutionNode = FALSE
	EndGlobalSection
	GlobalSection(ExtensibilityGlobals) = postSolution
		SolutionGuid = {C7C758C2-0C34-4C77-BF2C-F52DC84ADC98}
	EndGlobalSection
EndGlobal
